{
  "requires": true,
  "lockfileVersion": 1,
  "dependencies": {
    "axios": {
      "version": "0.25.0",
      "resolved": "https://registry.npmjs.org/axios/-/axios-0.25.0.tgz",
      "integrity": "sha512-cD8FOb0tRH3uuEe6+evtAbgJtfxr7ly3fQjYcMcuPlgkwVS9xboaVIpcDV+cYQe+yGykgwZCs1pzjntcGa6l5g==",
      "requires": {
        "follow-redirects": "^1.14.7"
      }
    },
    "classnames": {
      "version": "2.3.1",
      "resolved": "https://registry.npmjs.org/classnames/-/classnames-2.3.1.tgz",
      "integrity": "sha512-OlQdbZ7gLfGarSqxesMesDa5uz7KFbID8Kpq/SxIoNGDqY8lSYs0D+hhtBXhcdB3rcbXArFr7vlHheLk1voeNA=="
    },
    "countup.js": {
      "version": "2.0.8",
      "resolved": "https://registry.npmjs.org/countup.js/-/countup.js-2.0.8.tgz",
      "integrity": "sha512-pW3xwwD+hB+xmtI16xFcuLS0D5hSQqPQWkZOdgpKQyzxCquDNo2VCFPkRw12vmvdpnicXVTcjmYiakG6biwINg=="
    },
    "follow-redirects": {
      "version": "1.14.7",
      "resolved": "https://registry.npmjs.org/follow-redirects/-/follow-redirects-1.14.7.tgz",
      "integrity": "sha512-+hbxoLbFMbRKDwohX8GkTataGqO6Jb7jGwpAlwgy2bIz25XtRm7KEzJM76R1WiNT5SwZkX4Y75SwBolkpmE7iQ=="
    },
    "react-chartjs-2": {
      "version": "4.0.1",
      "resolved": "https://registry.npmjs.org/react-chartjs-2/-/react-chartjs-2-4.0.1.tgz",
      "integrity": "sha512-q8bgWzKoFvBvD7YcjT/hXG8jt55TaMAuJ1dmI3tKFJ7CijUWYz4pIfOhkTI6PBTwqu/pmeWsClBRd/7HiWzN1g=="
    },
    "react-countup": {
      "version": "6.1.1",
      "resolved": "https://registry.npmjs.org/react-countup/-/react-countup-6.1.1.tgz",
      "integrity": "sha512-9mYlnk/yCFg3g2/65pCTex6mr9h0eYdDMIL4T5nfLj/RzoiqY03wlPxZglzbJ6OzXvU37OmYApwQ4WMZNFr8Aw==",
      "requires": {
        "countup.js": "^2.0.8"
      }
    }
  }
}
